<?xml version="1.0" encoding="utf-8"?>
<Project ToolsVersion="4.0" xmlns="http://schemas.microsoft.com/developer/msbuild/2003">
  <ItemGroup>
    <Filter Include="源文件">
      <UniqueIdentifier>{4FC737F1-C7A5-4376-A066-2A32D752A2FF}</UniqueIdentifier>
      <Extensions>cpp;c;cc;cxx;def;odl;idl;hpj;bat;asm;asmx</Extensions>
    </Filter>
    <Filter Include="头文件">
      <UniqueIdentifier>{93995380-89BD-4b04-88EB-625FBE52EBFB}</UniqueIdentifier>
      <Extensions>h;hh;hpp;hxx;hm;inl;inc;xsd</Extensions>
    </Filter>
    <Filter Include="资源文件">
      <UniqueIdentifier>{67DA6AB6-F800-4c08-8B7A-83BB121AAD01}</UniqueIdentifier>
      <Extensions>rc;ico;cur;bmp;dlg;rc2;rct;bin;rgs;gif;jpg;jpeg;jpe;resx;tiff;tif;png;wav;mfcribbon-ms</Extensions>
    </Filter>
    <Filter Include="头文件\graphcut">
      <UniqueIdentifier>{8b2ffc2f-1fb6-413f-87e3-4fd342fc6cd5}</UniqueIdentifier>
    </Filter>
    <Filter Include="头文件\emd_function">
      <UniqueIdentifier>{15216477-0754-495c-8d9b-432bf3b09e3e}</UniqueIdentifier>
    </Filter>
    <Filter Include="源文件\graphcut">
      <UniqueIdentifier>{a317312c-3f05-4bc2-8364-c438be9997ac}</UniqueIdentifier>
    </Filter>
    <Filter Include="源文件\emd_function">
      <UniqueIdentifier>{2e1dec15-d6c4-4c43-8d67-2e1130d69753}</UniqueIdentifier>
    </Filter>
  </ItemGroup>
  <ItemGroup>
    <ClCompile Include="main.cpp">
      <Filter>源文件</Filter>
    </ClCompile>
    <ClCompile Include="MAT-geometry.cpp">
      <Filter>源文件</Filter>
    </ClCompile>
    <ClCompile Include="MAT-main.cpp">
      <Filter>源文件</Filter>
    </ClCompile>
    <ClCompile Include="Decomposer.cpp">
      <Filter>源文件</Filter>
    </ClCompile>
    <ClCompile Include="emd.cpp">
      <Filter>源文件\emd_function</Filter>
    </ClCompile>
    <ClCompile Include="graphcut\GCoptimization.cpp">
      <Filter>源文件\graphcut</Filter>
    </ClCompile>
    <ClCompile Include="graphcut\graph.cpp">
      <Filter>源文件\graphcut</Filter>
    </ClCompile>
    <ClCompile Include="graphcut\LinkedBlockList.cpp">
      <Filter>源文件\graphcut</Filter>
    </ClCompile>
    <ClCompile Include="graphcut\maxflow.cpp">
      <Filter>源文件\graphcut</Filter>
    </ClCompile>
    <ClCompile Include="ombb\gdiam.cpp">
      <Filter>源文件</Filter>
    </ClCompile>
  </ItemGroup>
  <ItemGroup>
    <ClInclude Include="common_include.h">
      <Filter>头文件</Filter>
    </ClInclude>
    <ClInclude Include="Decomposer.h">
      <Filter>头文件</Filter>
    </ClInclude>
    <ClInclude Include="MAT.h">
      <Filter>头文件</Filter>
    </ClInclude>
    <ClInclude Include="Patch.h">
      <Filter>头文件</Filter>
    </ClInclude>
    <ClInclude Include="graphics.h">
      <Filter>头文件</Filter>
    </ClInclude>
    <ClInclude Include="emd.h">
      <Filter>头文件\emd_function</Filter>
    </ClInclude>
    <ClInclude Include="graphcut\block.h">
      <Filter>头文件\graphcut</Filter>
    </ClInclude>
    <ClInclude Include="graphcut\energy.h">
      <Filter>头文件\graphcut</Filter>
    </ClInclude>
    <ClInclude Include="graphcut\GCoptimization.h">
      <Filter>头文件\graphcut</Filter>
    </ClInclude>
    <ClInclude Include="graphcut\graph.h">
      <Filter>头文件\graphcut</Filter>
    </ClInclude>
    <ClInclude Include="graphcut\LinkedBlockList.h">
      <Filter>头文件\graphcut</Filter>
    </ClInclude>
    <ClInclude Include="utils.h">
      <Filter>头文件</Filter>
    </ClInclude>
    <ClInclude Include="ombb\gdiam.hpp">
      <Filter>头文件</Filter>
    </ClInclude>
    <ClInclude Include="argparser.hpp">
      <Filter>头文件</Filter>
    </ClInclude>
  </ItemGroup>
</Project>